
Microsoft Visual Studio Solution File, Format Version 12.00
# Visual Studio Version 16
VisualStudioVersion = 16.0.29609.76
MinimumVisualStudioVersion = 10.0.40219.1
Project("{FAE04EC0-301F-11D3-BF4B-00C04F79EFBC}") = "Main", "Day1\Main\Main.csproj", "{CDF4C34F-DF01-4330-B963-E1CC1097C6E6}"
EndProject
Project("{FAE04EC0-301F-11D3-BF4B-00C04F79EFBC}") = "FizzBuzzUser", "Latest\FizzBuzzUser\FizzBuzzUser.csproj", "{34903728-D67A-4D0A-B5ED-583C1F35C3F6}"
EndProject
Project("{2150E333-8FDC-42A3-9474-1A3956D46DE8}") = "Day1", "Day1", "{CDB918E0-4BD9-442C-A4C9-0D26FCD61A18}"
EndProject
Project("{2150E333-8FDC-42A3-9474-1A3956D46DE8}") = "Latest", "Latest", "{15CD492F-AD52-47DC-8332-FFF6167B0406}"
EndProject
Project("{FAE04EC0-301F-11D3-BF4B-00C04F79EFBC}") = "Main", "Latest\Main\Main.csproj", "{006BBCA3-148E-4503-B414-5DAC77D3D5A1}"
EndProject
Project("{FAE04EC0-301F-11D3-BF4B-00C04F79EFBC}") = "Testing", "Latest\Testing\Testing.csproj", "{6D263C9A-E99B-415E-9192-298EC937583E}"
EndProject
Project("{2150E333-8FDC-42A3-9474-1A3956D46DE8}") = "Day2", "Day2", "{2905467B-4CFE-48A5-B700-2EE6D287DB7E}"
EndProject
Project("{FAE04EC0-301F-11D3-BF4B-00C04F79EFBC}") = "Main", "Day2\Main\Main.csproj", "{94FDA814-2E0B-4600-9831-2EB890B01964}"
EndProject
Project("{FAE04EC0-301F-11D3-BF4B-00C04F79EFBC}") = "FizzBuzzUser", "Day2\FizzBuzzUser\FizzBuzzUser.csproj", "{30015978-AC58-45A8-90E3-23DF19430AE8}"
EndProject
Project("{2150E333-8FDC-42A3-9474-1A3956D46DE8}") = "Day3", "Day3", "{8A59EAEF-FE24-49FD-B140-FCAD795D39C7}"
EndProject
Project("{FAE04EC0-301F-11D3-BF4B-00C04F79EFBC}") = "FizzBuzzUser", "Day3\FizzBuzzUser\FizzBuzzUser.csproj", "{C1A5B95D-F9A0-4F5E-A6B8-9B9FE70FFED1}"
EndProject
Project("{FAE04EC0-301F-11D3-BF4B-00C04F79EFBC}") = "Main", "Day3\Main\Main.csproj", "{60D088DD-2329-4531-B30D-9EF331DBC43D}"
EndProject
Project("{FAE04EC0-301F-11D3-BF4B-00C04F79EFBC}") = "Testing", "Day3\Testing\Testing.csproj", "{D69C55F7-9D59-4F26-AB5C-38230F6E2065}"
EndProject
Global
	GlobalSection(SolutionConfigurationPlatforms) = preSolution
		Debug|Any CPU = Debug|Any CPU
		Release|Any CPU = Release|Any CPU
	EndGlobalSection
	GlobalSection(ProjectConfigurationPlatforms) = postSolution
		{CDF4C34F-DF01-4330-B963-E1CC1097C6E6}.Debug|Any CPU.ActiveCfg = Debug|Any CPU
		{CDF4C34F-DF01-4330-B963-E1CC1097C6E6}.Debug|Any CPU.Build.0 = Debug|Any CPU
		{CDF4C34F-DF01-4330-B963-E1CC1097C6E6}.Release|Any CPU.ActiveCfg = Release|Any CPU
		{CDF4C34F-DF01-4330-B963-E1CC1097C6E6}.Release|Any CPU.Build.0 = Release|Any CPU
		{34903728-D67A-4D0A-B5ED-583C1F35C3F6}.Debug|Any CPU.ActiveCfg = Debug|Any CPU
		{34903728-D67A-4D0A-B5ED-583C1F35C3F6}.Debug|Any CPU.Build.0 = Debug|Any CPU
		{34903728-D67A-4D0A-B5ED-583C1F35C3F6}.Release|Any CPU.ActiveCfg = Release|Any CPU
		{34903728-D67A-4D0A-B5ED-583C1F35C3F6}.Release|Any CPU.Build.0 = Release|Any CPU
		{006BBCA3-148E-4503-B414-5DAC77D3D5A1}.Debug|Any CPU.ActiveCfg = Debug|Any CPU
		{006BBCA3-148E-4503-B414-5DAC77D3D5A1}.Debug|Any CPU.Build.0 = Debug|Any CPU
		{006BBCA3-148E-4503-B414-5DAC77D3D5A1}.Release|Any CPU.ActiveCfg = Release|Any CPU
		{006BBCA3-148E-4503-B414-5DAC77D3D5A1}.Release|Any CPU.Build.0 = Release|Any CPU
		{6D263C9A-E99B-415E-9192-298EC937583E}.Debug|Any CPU.ActiveCfg = Debug|Any CPU
		{6D263C9A-E99B-415E-9192-298EC937583E}.Debug|Any CPU.Build.0 = Debug|Any CPU
		{6D263C9A-E99B-415E-9192-298EC937583E}.Release|Any CPU.ActiveCfg = Release|Any CPU
		{6D263C9A-E99B-415E-9192-298EC937583E}.Release|Any CPU.Build.0 = Release|Any CPU
		{94FDA814-2E0B-4600-9831-2EB890B01964}.Debug|Any CPU.ActiveCfg = Debug|Any CPU
		{94FDA814-2E0B-4600-9831-2EB890B01964}.Debug|Any CPU.Build.0 = Debug|Any CPU
		{94FDA814-2E0B-4600-9831-2EB890B01964}.Release|Any CPU.ActiveCfg = Release|Any CPU
		{94FDA814-2E0B-4600-9831-2EB890B01964}.Release|Any CPU.Build.0 = Release|Any CPU
		{30015978-AC58-45A8-90E3-23DF19430AE8}.Debug|Any CPU.ActiveCfg = Debug|Any CPU
		{30015978-AC58-45A8-90E3-23DF19430AE8}.Debug|Any CPU.Build.0 = Debug|Any CPU
		{30015978-AC58-45A8-90E3-23DF19430AE8}.Release|Any CPU.ActiveCfg = Release|Any CPU
		{30015978-AC58-45A8-90E3-23DF19430AE8}.Release|Any CPU.Build.0 = Release|Any CPU
		{C1A5B95D-F9A0-4F5E-A6B8-9B9FE70FFED1}.Debug|Any CPU.ActiveCfg = Debug|Any CPU
		{C1A5B95D-F9A0-4F5E-A6B8-9B9FE70FFED1}.Debug|Any CPU.Build.0 = Debug|Any CPU
		{C1A5B95D-F9A0-4F5E-A6B8-9B9FE70FFED1}.Release|Any CPU.ActiveCfg = Release|Any CPU
		{C1A5B95D-F9A0-4F5E-A6B8-9B9FE70FFED1}.Release|Any CPU.Build.0 = Release|Any CPU
		{60D088DD-2329-4531-B30D-9EF331DBC43D}.Debug|Any CPU.ActiveCfg = Debug|Any CPU
		{60D088DD-2329-4531-B30D-9EF331DBC43D}.Debug|Any CPU.Build.0 = Debug|Any CPU
		{60D088DD-2329-4531-B30D-9EF331DBC43D}.Release|Any CPU.ActiveCfg = Release|Any CPU
		{60D088DD-2329-4531-B30D-9EF331DBC43D}.Release|Any CPU.Build.0 = Release|Any CPU
		{D69C55F7-9D59-4F26-AB5C-38230F6E2065}.Debug|Any CPU.ActiveCfg = Debug|Any CPU
		{D69C55F7-9D59-4F26-AB5C-38230F6E2065}.Debug|Any CPU.Build.0 = Debug|Any CPU
		{D69C55F7-9D59-4F26-AB5C-38230F6E2065}.Release|Any CPU.ActiveCfg = Release|Any CPU
		{D69C55F7-9D59-4F26-AB5C-38230F6E2065}.Release|Any CPU.Build.0 = Release|Any CPU
	EndGlobalSection
	GlobalSection(SolutionProperties) = preSolution
		HideSolutionNode = FALSE
	EndGlobalSection
	GlobalSection(NestedProjects) = preSolution
		{CDF4C34F-DF01-4330-B963-E1CC1097C6E6} = {CDB918E0-4BD9-442C-A4C9-0D26FCD61A18}
		{34903728-D67A-4D0A-B5ED-583C1F35C3F6} = {15CD492F-AD52-47DC-8332-FFF6167B0406}
		{006BBCA3-148E-4503-B414-5DAC77D3D5A1} = {15CD492F-AD52-47DC-8332-FFF6167B0406}
		{6D263C9A-E99B-415E-9192-298EC937583E} = {15CD492F-AD52-47DC-8332-FFF6167B0406}
		{94FDA814-2E0B-4600-9831-2EB890B01964} = {2905467B-4CFE-48A5-B700-2EE6D287DB7E}
		{30015978-AC58-45A8-90E3-23DF19430AE8} = {2905467B-4CFE-48A5-B700-2EE6D287DB7E}
		{C1A5B95D-F9A0-4F5E-A6B8-9B9FE70FFED1} = {8A59EAEF-FE24-49FD-B140-FCAD795D39C7}
		{60D088DD-2329-4531-B30D-9EF331DBC43D} = {8A59EAEF-FE24-49FD-B140-FCAD795D39C7}
		{D69C55F7-9D59-4F26-AB5C-38230F6E2065} = {8A59EAEF-FE24-49FD-B140-FCAD795D39C7}
	EndGlobalSection
	GlobalSection(ExtensibilityGlobals) = postSolution
		SolutionGuid = {F49063F3-AD1C-4D63-832A-CF95C771FB72}
	EndGlobalSection
EndGlobal
